uuid: 5c898df3-b491-4a9e-bf9b-700a81c58a2a
handle: BaseBlock
type: mixin
name: Základní nastavení

fields:
    blockId:
        label: ID Bloku
        comment: Používá se k identifikaci prvku na stránce a ke kotevním odkazům, mělo by být unikátní a deskriptivní "o-nas" nebo "kontaktni-formular"
        tab: Blok

    headline:
        label: Nadpis a text
        comment: Pro nadpis používejte H2, pro podnadpis H3. !Pozor! U bloku "Hlavička" používejte H1 a H2.
        type: richeditor
        tab: Blok
        dependsOn: blockId

    elevated:
        label: Zvýrazněný blok
        comment: Zvýraznění bloku - vysunutí nahoru do předchozího bloku
        type: switch
        default: 0
        tab: Vzhled bloku

    containerWidth:
        label: Šířka zobrazení
        comment: Šířka zobrazení bloku v rámci stránky
        type: dropdown
        default: default
        tab: Vzhled bloku
        options:
            default: Výchozí (1200px)
            narrow: Zůžené zobrazení (800px)
            full: Plná šířka stránky
            pop: Plná šířka s okrajem

    backgroundColor:
        label: Barva pozadí
        comment: Barva pozadí bloku
        type: dropdown
        default: default
        tab: Vzhled bloku
        options:
            default: Výchozí (průhledná)
            accent: Akcentní barva (polotmavá)
            contrast: Kontrastní barva (tmavá)
            image: Obrázek

    backgroundImage:
        label: Obrázek pozadí
        comment: Obrázek pozadí bloku
        type: mediafinder
        mode: image
        tab: Vzhled bloku
        maxItems: 1
        dependsOn: backgroundColor
        trigger:
            action: show
            field: backgroundColor
            condition: value[image]

    customCssClass:
        label: Vlastní CSS třída
        comment: Můžete zadat více tříd oddělených mezerou. Použije se pro vlastní stylování bloku. Pokud potřebujete vytvořit vlastní šablonu pro blok, použijte alias pro blok.
        type: text
        tab: Pokročilé nastavení

    aliasOverride:
        label: Vlastní alias
        comment: Přepíše defaultní alias pro blok. Používá se k vytvoření extra šablony v tématu a vlastnímu stylování konkrétního bloku. Pokud nevíte, co "alias pro blok" znamená, nechte prázdné.
        type: text
        tab: Pokročilé nastavení
